
Microsoft Visual Studio Solution File, Format Version 12.00
# Visual Studio Version 17
VisualStudioVersion = 17.14.36623.8
MinimumVisualStudioVersion = 10.0.40219.1
Project("{FAE04EC0-301F-11D3-BF4B-00C04F79EFBC}") = "booseapp", "booseapp\booseapp.csproj", "{FC888281-B20C-4C05-BA0C-0A0190487CB3}"
EndProject
Project("{FAE04EC0-301F-11D3-BF4B-00C04F79EFBC}") = "booseapp.tests", "booseapp.tests\booseapp.tests.csproj", "{757EF914-5543-4B5B-990D-B34D8047438C}"
EndProject
Project("{FAE04EC0-301F-11D3-BF4B-00C04F79EFBC}") = "BOOSE", "BOOSE\BOOSE.csproj", "{58580621-D325-4652-BFE4-62D948D40CF2}"
EndProject
Project("{FAE04EC0-301F-11D3-BF4B-00C04F79EFBC}") = "boosecli", "boosecli\boosecli.csproj", "{C24A7D0B-E4DF-4098-92BF-74A023A1D52A}"
EndProject
Project("{2150E333-8FDC-42A3-9474-1A3956D46DE8}") = "Solution Items", "Solution Items", "{8EC462FD-D22E-90A8-E5CE-7E832BA40C5D}"
	ProjectSection(SolutionItems) = preProject
		..\docs\testcases.md = ..\docs\testcases.md
	EndProjectSection
EndProject
Global
	GlobalSection(SolutionConfigurationPlatforms) = preSolution
		Debug|Any CPU = Debug|Any CPU
		Release|Any CPU = Release|Any CPU
	EndGlobalSection
	GlobalSection(ProjectConfigurationPlatforms) = postSolution
		{FC888281-B20C-4C05-BA0C-0A0190487CB3}.Debug|Any CPU.ActiveCfg = Debug|Any CPU
		{FC888281-B20C-4C05-BA0C-0A0190487CB3}.Debug|Any CPU.Build.0 = Debug|Any CPU
		{FC888281-B20C-4C05-BA0C-0A0190487CB3}.Release|Any CPU.ActiveCfg = Release|Any CPU
		{FC888281-B20C-4C05-BA0C-0A0190487CB3}.Release|Any CPU.Build.0 = Release|Any CPU
		{757EF914-5543-4B5B-990D-B34D8047438C}.Debug|Any CPU.ActiveCfg = Debug|Any CPU
		{757EF914-5543-4B5B-990D-B34D8047438C}.Debug|Any CPU.Build.0 = Debug|Any CPU
		{757EF914-5543-4B5B-990D-B34D8047438C}.Release|Any CPU.ActiveCfg = Release|Any CPU
		{757EF914-5543-4B5B-990D-B34D8047438C}.Release|Any CPU.Build.0 = Release|Any CPU
		{58580621-D325-4652-BFE4-62D948D40CF2}.Debug|Any CPU.ActiveCfg = Debug|Any CPU
		{58580621-D325-4652-BFE4-62D948D40CF2}.Debug|Any CPU.Build.0 = Debug|Any CPU
		{58580621-D325-4652-BFE4-62D948D40CF2}.Release|Any CPU.ActiveCfg = Release|Any CPU
		{58580621-D325-4652-BFE4-62D948D40CF2}.Release|Any CPU.Build.0 = Release|Any CPU
		{C24A7D0B-E4DF-4098-92BF-74A023A1D52A}.Debug|Any CPU.ActiveCfg = Debug|Any CPU
		{C24A7D0B-E4DF-4098-92BF-74A023A1D52A}.Debug|Any CPU.Build.0 = Debug|Any CPU
		{C24A7D0B-E4DF-4098-92BF-74A023A1D52A}.Release|Any CPU.ActiveCfg = Release|Any CPU
		{C24A7D0B-E4DF-4098-92BF-74A023A1D52A}.Release|Any CPU.Build.0 = Release|Any CPU
	EndGlobalSection
	GlobalSection(SolutionProperties) = preSolution
		HideSolutionNode = FALSE
	EndGlobalSection
	GlobalSection(ExtensibilityGlobals) = postSolution
		SolutionGuid = {E5B6D51A-1D60-4A7E-A3BD-100069571DA0}
	EndGlobalSection
EndGlobal
